
Microsoft Visual Studio Solution File, Format Version 12.00
# Visual Studio Version 16
VisualStudioVersion = 16.0.29521.150
MinimumVisualStudioVersion = 10.0.40219.1
Project("{FAE04EC0-301F-11D3-BF4B-00C04F79EFBC}") = "App1.Android", "App1\App1.Android\App1.Android.csproj", "{15A93717-3825-4AB3-B1A2-0E06B7909F68}"
EndProject
Project("{FAE04EC0-301F-11D3-BF4B-00C04F79EFBC}") = "App1.iOS", "App1\App1.iOS\App1.iOS.csproj", "{FB254F3F-936D-4A90-95F6-24CADD5729EA}"
EndProject
Project("{9A19103F-16F7-4668-BE54-9A1E7A4F7556}") = "App1", "App1\App1\App1.csproj", "{FBDDA537-0BD3-49E2-9F1C-918DAD4F0772}"
EndProject
Project("{9A19103F-16F7-4668-BE54-9A1E7A4F7556}") = "App1.MobileAppService", "App1\App1.MobileAppService\App1.MobileAppService.csproj", "{A7DB6786-86D6-42C7-B0F8-ED526F3513EF}"
EndProject
Project("{2150E333-8FDC-42A3-9474-1A3956D46DE8}") = "Solution Items", "Solution Items", "{03C97D72-8D5A-45CE-9A7A-643A1ADDE89F}"
	ProjectSection(SolutionItems) = preProject
		.editorconfig = .editorconfig
		global.json = global.json
		README.md = README.md
	EndProjectSection
EndProject
Project("{9A19103F-16F7-4668-BE54-9A1E7A4F7556}") = "App1.MobileAppService.Client", "App1\App1.MobileAppService.Client\App1.MobileAppService.Client.csproj", "{89C0537E-B7ED-4176-B34E-DEE4BC282DDD}"
EndProject
Project("{FAE04EC0-301F-11D3-BF4B-00C04F79EFBC}") = "App1.Tests", "App1\App1.Tests\App1.Tests.csproj", "{61DF0FB0-7983-42A2-B3EB-37B6548CFB2F}"
EndProject
Project("{FAE04EC0-301F-11D3-BF4B-00C04F79EFBC}") = "App1.MobileAppService.Tests", "App1\App1.MobileAppService.Tests\App1.MobileAppService.Tests.csproj", "{F248CA19-F7C1-4631-A22C-3BA456A7FEB0}"
EndProject
Global
	GlobalSection(SolutionConfigurationPlatforms) = preSolution
		Debug|Any CPU = Debug|Any CPU
		Debug|iPhone = Debug|iPhone
		Debug|iPhoneSimulator = Debug|iPhoneSimulator
		Release|Any CPU = Release|Any CPU
		Release|iPhone = Release|iPhone
		Release|iPhoneSimulator = Release|iPhoneSimulator
	EndGlobalSection
	GlobalSection(ProjectConfigurationPlatforms) = postSolution
		{15A93717-3825-4AB3-B1A2-0E06B7909F68}.Debug|Any CPU.ActiveCfg = Debug|Any CPU
		{15A93717-3825-4AB3-B1A2-0E06B7909F68}.Debug|Any CPU.Build.0 = Debug|Any CPU
		{15A93717-3825-4AB3-B1A2-0E06B7909F68}.Debug|Any CPU.Deploy.0 = Debug|Any CPU
		{15A93717-3825-4AB3-B1A2-0E06B7909F68}.Debug|iPhone.ActiveCfg = Debug|Any CPU
		{15A93717-3825-4AB3-B1A2-0E06B7909F68}.Debug|iPhone.Build.0 = Debug|Any CPU
		{15A93717-3825-4AB3-B1A2-0E06B7909F68}.Debug|iPhone.Deploy.0 = Debug|Any CPU
		{15A93717-3825-4AB3-B1A2-0E06B7909F68}.Debug|iPhoneSimulator.ActiveCfg = Debug|Any CPU
		{15A93717-3825-4AB3-B1A2-0E06B7909F68}.Debug|iPhoneSimulator.Build.0 = Debug|Any CPU
		{15A93717-3825-4AB3-B1A2-0E06B7909F68}.Debug|iPhoneSimulator.Deploy.0 = Debug|Any CPU
		{15A93717-3825-4AB3-B1A2-0E06B7909F68}.Release|Any CPU.ActiveCfg = Release|Any CPU
		{15A93717-3825-4AB3-B1A2-0E06B7909F68}.Release|Any CPU.Build.0 = Release|Any CPU
		{15A93717-3825-4AB3-B1A2-0E06B7909F68}.Release|Any CPU.Deploy.0 = Release|Any CPU
		{15A93717-3825-4AB3-B1A2-0E06B7909F68}.Release|iPhone.ActiveCfg = Release|Any CPU
		{15A93717-3825-4AB3-B1A2-0E06B7909F68}.Release|iPhone.Build.0 = Release|Any CPU
		{15A93717-3825-4AB3-B1A2-0E06B7909F68}.Release|iPhone.Deploy.0 = Release|Any CPU
		{15A93717-3825-4AB3-B1A2-0E06B7909F68}.Release|iPhoneSimulator.ActiveCfg = Release|Any CPU
		{15A93717-3825-4AB3-B1A2-0E06B7909F68}.Release|iPhoneSimulator.Build.0 = Release|Any CPU
		{15A93717-3825-4AB3-B1A2-0E06B7909F68}.Release|iPhoneSimulator.Deploy.0 = Release|Any CPU
		{FB254F3F-936D-4A90-95F6-24CADD5729EA}.Debug|Any CPU.ActiveCfg = Debug|iPhoneSimulator
		{FB254F3F-936D-4A90-95F6-24CADD5729EA}.Debug|Any CPU.Build.0 = Debug|iPhoneSimulator
		{FB254F3F-936D-4A90-95F6-24CADD5729EA}.Debug|Any CPU.Deploy.0 = Debug|iPhoneSimulator
		{FB254F3F-936D-4A90-95F6-24CADD5729EA}.Debug|iPhone.ActiveCfg = Debug|iPhone
		{FB254F3F-936D-4A90-95F6-24CADD5729EA}.Debug|iPhone.Build.0 = Debug|iPhone
		{FB254F3F-936D-4A90-95F6-24CADD5729EA}.Debug|iPhone.Deploy.0 = Debug|iPhone
		{FB254F3F-936D-4A90-95F6-24CADD5729EA}.Debug|iPhoneSimulator.ActiveCfg = Debug|iPhoneSimulator
		{FB254F3F-936D-4A90-95F6-24CADD5729EA}.Debug|iPhoneSimulator.Build.0 = Debug|iPhoneSimulator
		{FB254F3F-936D-4A90-95F6-24CADD5729EA}.Debug|iPhoneSimulator.Deploy.0 = Debug|iPhoneSimulator
		{FB254F3F-936D-4A90-95F6-24CADD5729EA}.Release|Any CPU.ActiveCfg = Release|iPhone
		{FB254F3F-936D-4A90-95F6-24CADD5729EA}.Release|Any CPU.Build.0 = Release|iPhone
		{FB254F3F-936D-4A90-95F6-24CADD5729EA}.Release|Any CPU.Deploy.0 = Release|iPhone
		{FB254F3F-936D-4A90-95F6-24CADD5729EA}.Release|iPhone.ActiveCfg = Release|iPhone
		{FB254F3F-936D-4A90-95F6-24CADD5729EA}.Release|iPhone.Build.0 = Release|iPhone
		{FB254F3F-936D-4A90-95F6-24CADD5729EA}.Release|iPhone.Deploy.0 = Release|iPhone
		{FB254F3F-936D-4A90-95F6-24CADD5729EA}.Release|iPhoneSimulator.ActiveCfg = Release|iPhoneSimulator
		{FB254F3F-936D-4A90-95F6-24CADD5729EA}.Release|iPhoneSimulator.Build.0 = Release|iPhoneSimulator
		{FB254F3F-936D-4A90-95F6-24CADD5729EA}.Release|iPhoneSimulator.Deploy.0 = Release|iPhoneSimulator
		{FBDDA537-0BD3-49E2-9F1C-918DAD4F0772}.Debug|Any CPU.ActiveCfg = Debug|Any CPU
		{FBDDA537-0BD3-49E2-9F1C-918DAD4F0772}.Debug|Any CPU.Build.0 = Debug|Any CPU
		{FBDDA537-0BD3-49E2-9F1C-918DAD4F0772}.Debug|Any CPU.Deploy.0 = Debug|Any CPU
		{FBDDA537-0BD3-49E2-9F1C-918DAD4F0772}.Debug|iPhone.ActiveCfg = Debug|Any CPU
		{FBDDA537-0BD3-49E2-9F1C-918DAD4F0772}.Debug|iPhone.Build.0 = Debug|Any CPU
		{FBDDA537-0BD3-49E2-9F1C-918DAD4F0772}.Debug|iPhone.Deploy.0 = Debug|Any CPU
		{FBDDA537-0BD3-49E2-9F1C-918DAD4F0772}.Debug|iPhoneSimulator.ActiveCfg = Debug|Any CPU
		{FBDDA537-0BD3-49E2-9F1C-918DAD4F0772}.Debug|iPhoneSimulator.Build.0 = Debug|Any CPU
		{FBDDA537-0BD3-49E2-9F1C-918DAD4F0772}.Debug|iPhoneSimulator.Deploy.0 = Debug|Any CPU
		{FBDDA537-0BD3-49E2-9F1C-918DAD4F0772}.Release|Any CPU.ActiveCfg = Release|Any CPU
		{FBDDA537-0BD3-49E2-9F1C-918DAD4F0772}.Release|Any CPU.Build.0 = Release|Any CPU
		{FBDDA537-0BD3-49E2-9F1C-918DAD4F0772}.Release|Any CPU.Deploy.0 = Release|Any CPU
		{FBDDA537-0BD3-49E2-9F1C-918DAD4F0772}.Release|iPhone.ActiveCfg = Release|Any CPU
		{FBDDA537-0BD3-49E2-9F1C-918DAD4F0772}.Release|iPhone.Build.0 = Release|Any CPU
		{FBDDA537-0BD3-49E2-9F1C-918DAD4F0772}.Release|iPhone.Deploy.0 = Release|Any CPU
		{FBDDA537-0BD3-49E2-9F1C-918DAD4F0772}.Release|iPhoneSimulator.ActiveCfg = Release|Any CPU
		{FBDDA537-0BD3-49E2-9F1C-918DAD4F0772}.Release|iPhoneSimulator.Build.0 = Release|Any CPU
		{FBDDA537-0BD3-49E2-9F1C-918DAD4F0772}.Release|iPhoneSimulator.Deploy.0 = Release|Any CPU
		{A7DB6786-86D6-42C7-B0F8-ED526F3513EF}.Debug|Any CPU.ActiveCfg = Debug|Any CPU
		{A7DB6786-86D6-42C7-B0F8-ED526F3513EF}.Debug|Any CPU.Build.0 = Debug|Any CPU
		{A7DB6786-86D6-42C7-B0F8-ED526F3513EF}.Debug|iPhone.ActiveCfg = Debug|Any CPU
		{A7DB6786-86D6-42C7-B0F8-ED526F3513EF}.Debug|iPhone.Build.0 = Debug|Any CPU
		{A7DB6786-86D6-42C7-B0F8-ED526F3513EF}.Debug|iPhoneSimulator.ActiveCfg = Debug|Any CPU
		{A7DB6786-86D6-42C7-B0F8-ED526F3513EF}.Debug|iPhoneSimulator.Build.0 = Debug|Any CPU
		{A7DB6786-86D6-42C7-B0F8-ED526F3513EF}.Release|Any CPU.ActiveCfg = Release|Any CPU
		{A7DB6786-86D6-42C7-B0F8-ED526F3513EF}.Release|Any CPU.Build.0 = Release|Any CPU
		{A7DB6786-86D6-42C7-B0F8-ED526F3513EF}.Release|iPhone.ActiveCfg = Release|Any CPU
		{A7DB6786-86D6-42C7-B0F8-ED526F3513EF}.Release|iPhone.Build.0 = Release|Any CPU
		{A7DB6786-86D6-42C7-B0F8-ED526F3513EF}.Release|iPhoneSimulator.ActiveCfg = Release|Any CPU
		{A7DB6786-86D6-42C7-B0F8-ED526F3513EF}.Release|iPhoneSimulator.Build.0 = Release|Any CPU
		{89C0537E-B7ED-4176-B34E-DEE4BC282DDD}.Debug|Any CPU.ActiveCfg = Debug|Any CPU
		{89C0537E-B7ED-4176-B34E-DEE4BC282DDD}.Debug|Any CPU.Build.0 = Debug|Any CPU
		{89C0537E-B7ED-4176-B34E-DEE4BC282DDD}.Debug|iPhone.ActiveCfg = Debug|Any CPU
		{89C0537E-B7ED-4176-B34E-DEE4BC282DDD}.Debug|iPhone.Build.0 = Debug|Any CPU
		{89C0537E-B7ED-4176-B34E-DEE4BC282DDD}.Debug|iPhoneSimulator.ActiveCfg = Debug|Any CPU
		{89C0537E-B7ED-4176-B34E-DEE4BC282DDD}.Debug|iPhoneSimulator.Build.0 = Debug|Any CPU
		{89C0537E-B7ED-4176-B34E-DEE4BC282DDD}.Release|Any CPU.ActiveCfg = Release|Any CPU
		{89C0537E-B7ED-4176-B34E-DEE4BC282DDD}.Release|Any CPU.Build.0 = Release|Any CPU
		{89C0537E-B7ED-4176-B34E-DEE4BC282DDD}.Release|iPhone.ActiveCfg = Release|Any CPU
		{89C0537E-B7ED-4176-B34E-DEE4BC282DDD}.Release|iPhone.Build.0 = Release|Any CPU
		{89C0537E-B7ED-4176-B34E-DEE4BC282DDD}.Release|iPhoneSimulator.ActiveCfg = Release|Any CPU
		{89C0537E-B7ED-4176-B34E-DEE4BC282DDD}.Release|iPhoneSimulator.Build.0 = Release|Any CPU
		{61DF0FB0-7983-42A2-B3EB-37B6548CFB2F}.Debug|Any CPU.ActiveCfg = Debug|Any CPU
		{61DF0FB0-7983-42A2-B3EB-37B6548CFB2F}.Debug|Any CPU.Build.0 = Debug|Any CPU
		{61DF0FB0-7983-42A2-B3EB-37B6548CFB2F}.Debug|iPhone.ActiveCfg = Debug|Any CPU
		{61DF0FB0-7983-42A2-B3EB-37B6548CFB2F}.Debug|iPhone.Build.0 = Debug|Any CPU
		{61DF0FB0-7983-42A2-B3EB-37B6548CFB2F}.Debug|iPhoneSimulator.ActiveCfg = Debug|Any CPU
		{61DF0FB0-7983-42A2-B3EB-37B6548CFB2F}.Debug|iPhoneSimulator.Build.0 = Debug|Any CPU
		{61DF0FB0-7983-42A2-B3EB-37B6548CFB2F}.Release|Any CPU.ActiveCfg = Release|Any CPU
		{61DF0FB0-7983-42A2-B3EB-37B6548CFB2F}.Release|Any CPU.Build.0 = Release|Any CPU
		{61DF0FB0-7983-42A2-B3EB-37B6548CFB2F}.Release|iPhone.ActiveCfg = Release|Any CPU
		{61DF0FB0-7983-42A2-B3EB-37B6548CFB2F}.Release|iPhone.Build.0 = Release|Any CPU
		{61DF0FB0-7983-42A2-B3EB-37B6548CFB2F}.Release|iPhoneSimulator.ActiveCfg = Release|Any CPU
		{61DF0FB0-7983-42A2-B3EB-37B6548CFB2F}.Release|iPhoneSimulator.Build.0 = Release|Any CPU
		{F248CA19-F7C1-4631-A22C-3BA456A7FEB0}.Debug|Any CPU.ActiveCfg = Debug|Any CPU
		{F248CA19-F7C1-4631-A22C-3BA456A7FEB0}.Debug|Any CPU.Build.0 = Debug|Any CPU
		{F248CA19-F7C1-4631-A22C-3BA456A7FEB0}.Debug|iPhone.ActiveCfg = Debug|Any CPU
		{F248CA19-F7C1-4631-A22C-3BA456A7FEB0}.Debug|iPhone.Build.0 = Debug|Any CPU
		{F248CA19-F7C1-4631-A22C-3BA456A7FEB0}.Debug|iPhoneSimulator.ActiveCfg = Debug|Any CPU
		{F248CA19-F7C1-4631-A22C-3BA456A7FEB0}.Debug|iPhoneSimulator.Build.0 = Debug|Any CPU
		{F248CA19-F7C1-4631-A22C-3BA456A7FEB0}.Release|Any CPU.ActiveCfg = Release|Any CPU
		{F248CA19-F7C1-4631-A22C-3BA456A7FEB0}.Release|Any CPU.Build.0 = Release|Any CPU
		{F248CA19-F7C1-4631-A22C-3BA456A7FEB0}.Release|iPhone.ActiveCfg = Release|Any CPU
		{F248CA19-F7C1-4631-A22C-3BA456A7FEB0}.Release|iPhone.Build.0 = Release|Any CPU
		{F248CA19-F7C1-4631-A22C-3BA456A7FEB0}.Release|iPhoneSimulator.ActiveCfg = Release|Any CPU
		{F248CA19-F7C1-4631-A22C-3BA456A7FEB0}.Release|iPhoneSimulator.Build.0 = Release|Any CPU
	EndGlobalSection
	GlobalSection(SolutionProperties) = preSolution
		HideSolutionNode = FALSE
	EndGlobalSection
	GlobalSection(ExtensibilityGlobals) = postSolution
		SolutionGuid = {77B6D12B-2FBE-4BC4-872F-01020E97F57D}
	EndGlobalSection
EndGlobal
